
Microsoft Visual Studio Solution File, Format Version 12.00
# Visual Studio Version 17
VisualStudioVersion = 17.0.31903.59
MinimumVisualStudioVersion = 10.0.40219.1
Project("{FAE04EC0-301F-11D3-BF4B-00C04F79EFBC}") = "task01", "task01\task01.csproj", "{22832C95-794A-4689-A337-7B409374D8AD}"
EndProject
Project("{FAE04EC0-301F-11D3-BF4B-00C04F79EFBC}") = "task01tests", "task01tests\task01tests.csproj", "{D600AE27-DE4E-494B-ADC9-4DBF1220F6BC}"
EndProject
Project("{FAE04EC0-301F-11D3-BF4B-00C04F79EFBC}") = "task02", "task02\task02.csproj", "{A67C96B0-1C07-41EB-A64F-C4CA46A38941}"
EndProject
Project("{FAE04EC0-301F-11D3-BF4B-00C04F79EFBC}") = "task02tests", "task02tests\task02tests.csproj", "{CC2FCB7F-EFA1-4030-9BEE-FACBB529D5E8}"
EndProject
Project("{FAE04EC0-301F-11D3-BF4B-00C04F79EFBC}") = "task03", "task03\task03.csproj", "{ADEA63C9-65DE-4BA6-8BE5-18024652D242}"
EndProject
Project("{FAE04EC0-301F-11D3-BF4B-00C04F79EFBC}") = "task03tests", "task03tests\task03tests.csproj", "{6F82AB99-C207-4935-85CD-72293C832D8E}"
EndProject
Project("{FAE04EC0-301F-11D3-BF4B-00C04F79EFBC}") = "task04", "task04\task04.csproj", "{EC7EDF5E-B66F-422C-B810-2DF4D9BF9324}"
EndProject
Project("{FAE04EC0-301F-11D3-BF4B-00C04F79EFBC}") = "task04tests", "task04tests\task04tests.csproj", "{C5462D23-B3BD-4DBC-8700-71D51868DFA4}"
EndProject
Project("{FAE04EC0-301F-11D3-BF4B-00C04F79EFBC}") = "task05", "task05\task05.csproj", "{54C88A22-0EF5-4000-AEEE-E2885646CEEB}"
EndProject
Project("{FAE04EC0-301F-11D3-BF4B-00C04F79EFBC}") = "task05tests", "task05tests\task05tests.csproj", "{88388B07-A945-4AAE-B985-6C2A1359FE37}"
EndProject
Project("{FAE04EC0-301F-11D3-BF4B-00C04F79EFBC}") = "task07", "task07\task07.csproj", "{7E383108-582F-4439-93C0-30A436E122C7}"
EndProject
Project("{FAE04EC0-301F-11D3-BF4B-00C04F79EFBC}") = "task07tests", "task07tests\task07tests.csproj", "{C8C46B55-086A-4594-9F04-DFEF17060167}"
EndProject
Project("{2150E333-8FDC-42A3-9474-1A3956D46DE8}") = "task08", "task08", "{173DB8EE-CC73-4687-A340-8490F67FFDDC}"
EndProject
Project("{FAE04EC0-301F-11D3-BF4B-00C04F79EFBC}") = "CommandLib", "task08\CommandLib\CommandLib.csproj", "{55DADED5-963D-4FBB-9F69-896A21249354}"
EndProject
Project("{FAE04EC0-301F-11D3-BF4B-00C04F79EFBC}") = "FileSystemCommands", "task08\FileSystemCommands\FileSystemCommands.csproj", "{4982413E-861E-46C7-A7C1-EF18F38AF5D5}"
EndProject
Project("{FAE04EC0-301F-11D3-BF4B-00C04F79EFBC}") = "CommandRunner", "task08\CommandRunner\CommandRunner.csproj", "{F0E8EDB8-05D6-404D-84B0-5DE38BE77D59}"
EndProject
Project("{FAE04EC0-301F-11D3-BF4B-00C04F79EFBC}") = "task08tests", "task08tests\task08tests.csproj", "{2AB1DD79-150E-42F6-8A3A-58C350FD73AF}"
EndProject
Project("{FAE04EC0-301F-11D3-BF4B-00C04F79EFBC}") = "task09", "task09\task09.csproj", "{166EE063-41D0-479F-AD5E-11BEB4648B7E}"
EndProject
Project("{FAE04EC0-301F-11D3-BF4B-00C04F79EFBC}") = "task09tests", "task09tests\task09tests.csproj", "{EFB82F55-9F68-4F0C-8C45-0DBFFE3CFFC8}"
EndProject
Project("{FAE04EC0-301F-11D3-BF4B-00C04F79EFBC}") = "task10", "task10\task10.csproj", "{3ADEC9D6-F619-4181-B225-9AE3498C0AC5}"
EndProject
Project("{FAE04EC0-301F-11D3-BF4B-00C04F79EFBC}") = "task10tests", "task10tests\task10tests.csproj", "{A8EF1B31-FC09-4D36-969A-DB03EA677C38}"
EndProject
Global
	GlobalSection(SolutionConfigurationPlatforms) = preSolution
		Debug|Any CPU = Debug|Any CPU
		Release|Any CPU = Release|Any CPU
	EndGlobalSection
	GlobalSection(SolutionProperties) = preSolution
		HideSolutionNode = FALSE
	EndGlobalSection
	GlobalSection(ProjectConfigurationPlatforms) = postSolution
		{22832C95-794A-4689-A337-7B409374D8AD}.Debug|Any CPU.ActiveCfg = Debug|Any CPU
		{22832C95-794A-4689-A337-7B409374D8AD}.Debug|Any CPU.Build.0 = Debug|Any CPU
		{22832C95-794A-4689-A337-7B409374D8AD}.Release|Any CPU.ActiveCfg = Release|Any CPU
		{22832C95-794A-4689-A337-7B409374D8AD}.Release|Any CPU.Build.0 = Release|Any CPU
		{D600AE27-DE4E-494B-ADC9-4DBF1220F6BC}.Debug|Any CPU.ActiveCfg = Debug|Any CPU
		{D600AE27-DE4E-494B-ADC9-4DBF1220F6BC}.Debug|Any CPU.Build.0 = Debug|Any CPU
		{D600AE27-DE4E-494B-ADC9-4DBF1220F6BC}.Release|Any CPU.ActiveCfg = Release|Any CPU
		{D600AE27-DE4E-494B-ADC9-4DBF1220F6BC}.Release|Any CPU.Build.0 = Release|Any CPU
		{A67C96B0-1C07-41EB-A64F-C4CA46A38941}.Debug|Any CPU.ActiveCfg = Debug|Any CPU
		{A67C96B0-1C07-41EB-A64F-C4CA46A38941}.Debug|Any CPU.Build.0 = Debug|Any CPU
		{A67C96B0-1C07-41EB-A64F-C4CA46A38941}.Release|Any CPU.ActiveCfg = Release|Any CPU
		{A67C96B0-1C07-41EB-A64F-C4CA46A38941}.Release|Any CPU.Build.0 = Release|Any CPU
		{CC2FCB7F-EFA1-4030-9BEE-FACBB529D5E8}.Debug|Any CPU.ActiveCfg = Debug|Any CPU
		{CC2FCB7F-EFA1-4030-9BEE-FACBB529D5E8}.Debug|Any CPU.Build.0 = Debug|Any CPU
		{CC2FCB7F-EFA1-4030-9BEE-FACBB529D5E8}.Release|Any CPU.ActiveCfg = Release|Any CPU
		{CC2FCB7F-EFA1-4030-9BEE-FACBB529D5E8}.Release|Any CPU.Build.0 = Release|Any CPU
		{ADEA63C9-65DE-4BA6-8BE5-18024652D242}.Debug|Any CPU.ActiveCfg = Debug|Any CPU
		{ADEA63C9-65DE-4BA6-8BE5-18024652D242}.Debug|Any CPU.Build.0 = Debug|Any CPU
		{ADEA63C9-65DE-4BA6-8BE5-18024652D242}.Release|Any CPU.ActiveCfg = Release|Any CPU
		{ADEA63C9-65DE-4BA6-8BE5-18024652D242}.Release|Any CPU.Build.0 = Release|Any CPU
		{6F82AB99-C207-4935-85CD-72293C832D8E}.Debug|Any CPU.ActiveCfg = Debug|Any CPU
		{6F82AB99-C207-4935-85CD-72293C832D8E}.Debug|Any CPU.Build.0 = Debug|Any CPU
		{6F82AB99-C207-4935-85CD-72293C832D8E}.Release|Any CPU.ActiveCfg = Release|Any CPU
		{6F82AB99-C207-4935-85CD-72293C832D8E}.Release|Any CPU.Build.0 = Release|Any CPU
		{EC7EDF5E-B66F-422C-B810-2DF4D9BF9324}.Debug|Any CPU.ActiveCfg = Debug|Any CPU
		{EC7EDF5E-B66F-422C-B810-2DF4D9BF9324}.Debug|Any CPU.Build.0 = Debug|Any CPU
		{EC7EDF5E-B66F-422C-B810-2DF4D9BF9324}.Release|Any CPU.ActiveCfg = Release|Any CPU
		{EC7EDF5E-B66F-422C-B810-2DF4D9BF9324}.Release|Any CPU.Build.0 = Release|Any CPU
		{C5462D23-B3BD-4DBC-8700-71D51868DFA4}.Debug|Any CPU.ActiveCfg = Debug|Any CPU
		{C5462D23-B3BD-4DBC-8700-71D51868DFA4}.Debug|Any CPU.Build.0 = Debug|Any CPU
		{C5462D23-B3BD-4DBC-8700-71D51868DFA4}.Release|Any CPU.ActiveCfg = Release|Any CPU
		{C5462D23-B3BD-4DBC-8700-71D51868DFA4}.Release|Any CPU.Build.0 = Release|Any CPU
		{54C88A22-0EF5-4000-AEEE-E2885646CEEB}.Debug|Any CPU.ActiveCfg = Debug|Any CPU
		{54C88A22-0EF5-4000-AEEE-E2885646CEEB}.Debug|Any CPU.Build.0 = Debug|Any CPU
		{54C88A22-0EF5-4000-AEEE-E2885646CEEB}.Release|Any CPU.ActiveCfg = Release|Any CPU
		{54C88A22-0EF5-4000-AEEE-E2885646CEEB}.Release|Any CPU.Build.0 = Release|Any CPU
		{88388B07-A945-4AAE-B985-6C2A1359FE37}.Debug|Any CPU.ActiveCfg = Debug|Any CPU
		{88388B07-A945-4AAE-B985-6C2A1359FE37}.Debug|Any CPU.Build.0 = Debug|Any CPU
		{88388B07-A945-4AAE-B985-6C2A1359FE37}.Release|Any CPU.ActiveCfg = Release|Any CPU
		{88388B07-A945-4AAE-B985-6C2A1359FE37}.Release|Any CPU.Build.0 = Release|Any CPU
		{7E383108-582F-4439-93C0-30A436E122C7}.Debug|Any CPU.ActiveCfg = Debug|Any CPU
		{7E383108-582F-4439-93C0-30A436E122C7}.Debug|Any CPU.Build.0 = Debug|Any CPU
		{7E383108-582F-4439-93C0-30A436E122C7}.Release|Any CPU.ActiveCfg = Release|Any CPU
		{7E383108-582F-4439-93C0-30A436E122C7}.Release|Any CPU.Build.0 = Release|Any CPU
		{C8C46B55-086A-4594-9F04-DFEF17060167}.Debug|Any CPU.ActiveCfg = Debug|Any CPU
		{C8C46B55-086A-4594-9F04-DFEF17060167}.Debug|Any CPU.Build.0 = Debug|Any CPU
		{C8C46B55-086A-4594-9F04-DFEF17060167}.Release|Any CPU.ActiveCfg = Release|Any CPU
		{C8C46B55-086A-4594-9F04-DFEF17060167}.Release|Any CPU.Build.0 = Release|Any CPU
		{55DADED5-963D-4FBB-9F69-896A21249354}.Debug|Any CPU.ActiveCfg = Debug|Any CPU
		{55DADED5-963D-4FBB-9F69-896A21249354}.Debug|Any CPU.Build.0 = Debug|Any CPU
		{55DADED5-963D-4FBB-9F69-896A21249354}.Release|Any CPU.ActiveCfg = Release|Any CPU
		{55DADED5-963D-4FBB-9F69-896A21249354}.Release|Any CPU.Build.0 = Release|Any CPU
		{4982413E-861E-46C7-A7C1-EF18F38AF5D5}.Debug|Any CPU.ActiveCfg = Debug|Any CPU
		{4982413E-861E-46C7-A7C1-EF18F38AF5D5}.Debug|Any CPU.Build.0 = Debug|Any CPU
		{4982413E-861E-46C7-A7C1-EF18F38AF5D5}.Release|Any CPU.ActiveCfg = Release|Any CPU
		{4982413E-861E-46C7-A7C1-EF18F38AF5D5}.Release|Any CPU.Build.0 = Release|Any CPU
		{F0E8EDB8-05D6-404D-84B0-5DE38BE77D59}.Debug|Any CPU.ActiveCfg = Debug|Any CPU
		{F0E8EDB8-05D6-404D-84B0-5DE38BE77D59}.Debug|Any CPU.Build.0 = Debug|Any CPU
		{F0E8EDB8-05D6-404D-84B0-5DE38BE77D59}.Release|Any CPU.ActiveCfg = Release|Any CPU
		{F0E8EDB8-05D6-404D-84B0-5DE38BE77D59}.Release|Any CPU.Build.0 = Release|Any CPU
		{2AB1DD79-150E-42F6-8A3A-58C350FD73AF}.Debug|Any CPU.ActiveCfg = Debug|Any CPU
		{2AB1DD79-150E-42F6-8A3A-58C350FD73AF}.Debug|Any CPU.Build.0 = Debug|Any CPU
		{2AB1DD79-150E-42F6-8A3A-58C350FD73AF}.Release|Any CPU.ActiveCfg = Release|Any CPU
		{2AB1DD79-150E-42F6-8A3A-58C350FD73AF}.Release|Any CPU.Build.0 = Release|Any CPU
		{166EE063-41D0-479F-AD5E-11BEB4648B7E}.Debug|Any CPU.ActiveCfg = Debug|Any CPU
		{166EE063-41D0-479F-AD5E-11BEB4648B7E}.Debug|Any CPU.Build.0 = Debug|Any CPU
		{166EE063-41D0-479F-AD5E-11BEB4648B7E}.Release|Any CPU.ActiveCfg = Release|Any CPU
		{166EE063-41D0-479F-AD5E-11BEB4648B7E}.Release|Any CPU.Build.0 = Release|Any CPU
		{EFB82F55-9F68-4F0C-8C45-0DBFFE3CFFC8}.Debug|Any CPU.ActiveCfg = Debug|Any CPU
		{EFB82F55-9F68-4F0C-8C45-0DBFFE3CFFC8}.Debug|Any CPU.Build.0 = Debug|Any CPU
		{EFB82F55-9F68-4F0C-8C45-0DBFFE3CFFC8}.Release|Any CPU.ActiveCfg = Release|Any CPU
		{EFB82F55-9F68-4F0C-8C45-0DBFFE3CFFC8}.Release|Any CPU.Build.0 = Release|Any CPU
		{3ADEC9D6-F619-4181-B225-9AE3498C0AC5}.Debug|Any CPU.ActiveCfg = Debug|Any CPU
		{3ADEC9D6-F619-4181-B225-9AE3498C0AC5}.Debug|Any CPU.Build.0 = Debug|Any CPU
		{3ADEC9D6-F619-4181-B225-9AE3498C0AC5}.Release|Any CPU.ActiveCfg = Release|Any CPU
		{3ADEC9D6-F619-4181-B225-9AE3498C0AC5}.Release|Any CPU.Build.0 = Release|Any CPU
		{A8EF1B31-FC09-4D36-969A-DB03EA677C38}.Debug|Any CPU.ActiveCfg = Debug|Any CPU
		{A8EF1B31-FC09-4D36-969A-DB03EA677C38}.Debug|Any CPU.Build.0 = Debug|Any CPU
		{A8EF1B31-FC09-4D36-969A-DB03EA677C38}.Release|Any CPU.ActiveCfg = Release|Any CPU
		{A8EF1B31-FC09-4D36-969A-DB03EA677C38}.Release|Any CPU.Build.0 = Release|Any CPU
	EndGlobalSection
	GlobalSection(NestedProjects) = preSolution
		{55DADED5-963D-4FBB-9F69-896A21249354} = {173DB8EE-CC73-4687-A340-8490F67FFDDC}
		{4982413E-861E-46C7-A7C1-EF18F38AF5D5} = {173DB8EE-CC73-4687-A340-8490F67FFDDC}
		{F0E8EDB8-05D6-404D-84B0-5DE38BE77D59} = {173DB8EE-CC73-4687-A340-8490F67FFDDC}
	EndGlobalSection
EndGlobal
