
Microsoft Visual Studio Solution File, Format Version 12.00
# Visual Studio Version 17
VisualStudioVersion = 17.0.31903.59
MinimumVisualStudioVersion = 10.0.40219.1
Project("{FAE04EC0-301F-11D3-BF4B-00C04F79EFBC}") = "task01", "task01\task01.csproj", "{22832C95-794A-4689-A337-7B409374D8AD}"
EndProject
Project("{FAE04EC0-301F-11D3-BF4B-00C04F79EFBC}") = "task01tests", "task01tests\task01tests.csproj", "{D600AE27-DE4E-494B-ADC9-4DBF1220F6BC}"
EndProject
Project("{FAE04EC0-301F-11D3-BF4B-00C04F79EFBC}") = "task02", "task02\task02.csproj", "{A67C96B0-1C07-41EB-A64F-C4CA46A38941}"
EndProject
Project("{FAE04EC0-301F-11D3-BF4B-00C04F79EFBC}") = "task02tests", "task02tests\task02tests.csproj", "{CC2FCB7F-EFA1-4030-9BEE-FACBB529D5E8}"
EndProject
Project("{FAE04EC0-301F-11D3-BF4B-00C04F79EFBC}") = "task03", "task03\task03.csproj", "{ADEA63C9-65DE-4BA6-8BE5-18024652D242}"
EndProject
Project("{FAE04EC0-301F-11D3-BF4B-00C04F79EFBC}") = "task03tests", "task03tests\task03tests.csproj", "{6F82AB99-C207-4935-85CD-72293C832D8E}"
EndProject
Project("{FAE04EC0-301F-11D3-BF4B-00C04F79EFBC}") = "task04", "task04\task04.csproj", "{EC7EDF5E-B66F-422C-B810-2DF4D9BF9324}"
EndProject
Project("{FAE04EC0-301F-11D3-BF4B-00C04F79EFBC}") = "task04tests", "task04tests\task04tests.csproj", "{C5462D23-B3BD-4DBC-8700-71D51868DFA4}"
EndProject
Project("{FAE04EC0-301F-11D3-BF4B-00C04F79EFBC}") = "task05", "task05\task05.csproj", "{54C88A22-0EF5-4000-AEEE-E2885646CEEB}"
EndProject
Project("{FAE04EC0-301F-11D3-BF4B-00C04F79EFBC}") = "task05tests", "task05tests\task05tests.csproj", "{88388B07-A945-4AAE-B985-6C2A1359FE37}"
EndProject
Project("{FAE04EC0-301F-11D3-BF4B-00C04F79EFBC}") = "task07", "task07\task07.csproj", "{7E383108-582F-4439-93C0-30A436E122C7}"
EndProject
Project("{FAE04EC0-301F-11D3-BF4B-00C04F79EFBC}") = "task07tests", "task07tests\task07tests.csproj", "{C8C46B55-086A-4594-9F04-DFEF17060167}"
EndProject
Global
	GlobalSection(SolutionConfigurationPlatforms) = preSolution
		Debug|Any CPU = Debug|Any CPU
		Release|Any CPU = Release|Any CPU
	EndGlobalSection
	GlobalSection(SolutionProperties) = preSolution
		HideSolutionNode = FALSE
	EndGlobalSection
	GlobalSection(ProjectConfigurationPlatforms) = postSolution
		{22832C95-794A-4689-A337-7B409374D8AD}.Debug|Any CPU.ActiveCfg = Debug|Any CPU
		{22832C95-794A-4689-A337-7B409374D8AD}.Debug|Any CPU.Build.0 = Debug|Any CPU
		{22832C95-794A-4689-A337-7B409374D8AD}.Release|Any CPU.ActiveCfg = Release|Any CPU
		{22832C95-794A-4689-A337-7B409374D8AD}.Release|Any CPU.Build.0 = Release|Any CPU
		{D600AE27-DE4E-494B-ADC9-4DBF1220F6BC}.Debug|Any CPU.ActiveCfg = Debug|Any CPU
		{D600AE27-DE4E-494B-ADC9-4DBF1220F6BC}.Debug|Any CPU.Build.0 = Debug|Any CPU
		{D600AE27-DE4E-494B-ADC9-4DBF1220F6BC}.Release|Any CPU.ActiveCfg = Release|Any CPU
		{D600AE27-DE4E-494B-ADC9-4DBF1220F6BC}.Release|Any CPU.Build.0 = Release|Any CPU
		{A67C96B0-1C07-41EB-A64F-C4CA46A38941}.Debug|Any CPU.ActiveCfg = Debug|Any CPU
		{A67C96B0-1C07-41EB-A64F-C4CA46A38941}.Debug|Any CPU.Build.0 = Debug|Any CPU
		{A67C96B0-1C07-41EB-A64F-C4CA46A38941}.Release|Any CPU.ActiveCfg = Release|Any CPU
		{A67C96B0-1C07-41EB-A64F-C4CA46A38941}.Release|Any CPU.Build.0 = Release|Any CPU
		{CC2FCB7F-EFA1-4030-9BEE-FACBB529D5E8}.Debug|Any CPU.ActiveCfg = Debug|Any CPU
		{CC2FCB7F-EFA1-4030-9BEE-FACBB529D5E8}.Debug|Any CPU.Build.0 = Debug|Any CPU
		{CC2FCB7F-EFA1-4030-9BEE-FACBB529D5E8}.Release|Any CPU.ActiveCfg = Release|Any CPU
		{CC2FCB7F-EFA1-4030-9BEE-FACBB529D5E8}.Release|Any CPU.Build.0 = Release|Any CPU
		{ADEA63C9-65DE-4BA6-8BE5-18024652D242}.Debug|Any CPU.ActiveCfg = Debug|Any CPU
		{ADEA63C9-65DE-4BA6-8BE5-18024652D242}.Debug|Any CPU.Build.0 = Debug|Any CPU
		{ADEA63C9-65DE-4BA6-8BE5-18024652D242}.Release|Any CPU.ActiveCfg = Release|Any CPU
		{ADEA63C9-65DE-4BA6-8BE5-18024652D242}.Release|Any CPU.Build.0 = Release|Any CPU
		{6F82AB99-C207-4935-85CD-72293C832D8E}.Debug|Any CPU.ActiveCfg = Debug|Any CPU
		{6F82AB99-C207-4935-85CD-72293C832D8E}.Debug|Any CPU.Build.0 = Debug|Any CPU
		{6F82AB99-C207-4935-85CD-72293C832D8E}.Release|Any CPU.ActiveCfg = Release|Any CPU
		{6F82AB99-C207-4935-85CD-72293C832D8E}.Release|Any CPU.Build.0 = Release|Any CPU
		{EC7EDF5E-B66F-422C-B810-2DF4D9BF9324}.Debug|Any CPU.ActiveCfg = Debug|Any CPU
		{EC7EDF5E-B66F-422C-B810-2DF4D9BF9324}.Debug|Any CPU.Build.0 = Debug|Any CPU
		{EC7EDF5E-B66F-422C-B810-2DF4D9BF9324}.Release|Any CPU.ActiveCfg = Release|Any CPU
		{EC7EDF5E-B66F-422C-B810-2DF4D9BF9324}.Release|Any CPU.Build.0 = Release|Any CPU
		{C5462D23-B3BD-4DBC-8700-71D51868DFA4}.Debug|Any CPU.ActiveCfg = Debug|Any CPU
		{C5462D23-B3BD-4DBC-8700-71D51868DFA4}.Debug|Any CPU.Build.0 = Debug|Any CPU
		{C5462D23-B3BD-4DBC-8700-71D51868DFA4}.Release|Any CPU.ActiveCfg = Release|Any CPU
		{C5462D23-B3BD-4DBC-8700-71D51868DFA4}.Release|Any CPU.Build.0 = Release|Any CPU
		{54C88A22-0EF5-4000-AEEE-E2885646CEEB}.Debug|Any CPU.ActiveCfg = Debug|Any CPU
		{54C88A22-0EF5-4000-AEEE-E2885646CEEB}.Debug|Any CPU.Build.0 = Debug|Any CPU
		{54C88A22-0EF5-4000-AEEE-E2885646CEEB}.Release|Any CPU.ActiveCfg = Release|Any CPU
		{54C88A22-0EF5-4000-AEEE-E2885646CEEB}.Release|Any CPU.Build.0 = Release|Any CPU
		{88388B07-A945-4AAE-B985-6C2A1359FE37}.Debug|Any CPU.ActiveCfg = Debug|Any CPU
		{88388B07-A945-4AAE-B985-6C2A1359FE37}.Debug|Any CPU.Build.0 = Debug|Any CPU
		{88388B07-A945-4AAE-B985-6C2A1359FE37}.Release|Any CPU.ActiveCfg = Release|Any CPU
		{88388B07-A945-4AAE-B985-6C2A1359FE37}.Release|Any CPU.Build.0 = Release|Any CPU
		{7E383108-582F-4439-93C0-30A436E122C7}.Debug|Any CPU.ActiveCfg = Debug|Any CPU
		{7E383108-582F-4439-93C0-30A436E122C7}.Debug|Any CPU.Build.0 = Debug|Any CPU
		{7E383108-582F-4439-93C0-30A436E122C7}.Release|Any CPU.ActiveCfg = Release|Any CPU
		{7E383108-582F-4439-93C0-30A436E122C7}.Release|Any CPU.Build.0 = Release|Any CPU
		{C8C46B55-086A-4594-9F04-DFEF17060167}.Debug|Any CPU.ActiveCfg = Debug|Any CPU
		{C8C46B55-086A-4594-9F04-DFEF17060167}.Debug|Any CPU.Build.0 = Debug|Any CPU
		{C8C46B55-086A-4594-9F04-DFEF17060167}.Release|Any CPU.ActiveCfg = Release|Any CPU
		{C8C46B55-086A-4594-9F04-DFEF17060167}.Release|Any CPU.Build.0 = Release|Any CPU
	EndGlobalSection
EndGlobal
